
Microsoft Visual Studio Solution File, Format Version 12.00
# Visual Studio 15
VisualStudioVersion = 15.0.28010.2050
MinimumVisualStudioVersion = 10.0.40219.1
Project("{8BC9CEB8-8B4A-11D0-8D11-00A0C91BC942}") = "Ticket", "Ticket\Ticket.vcxproj", "{FDF7DEEE-1527-421E-B65D-949C91404972}"
EndProject
Global
	GlobalSection(SolutionConfigurationPlatforms) = preSolution
		Debug|x64 = Debug|x64
		Debug|x86 = Debug|x86
		Release|x64 = Release|x64
		Release|x86 = Release|x86
	EndGlobalSection
	GlobalSection(ProjectConfigurationPlatforms) = postSolution
		{FDF7DEEE-1527-421E-B65D-949C91404972}.Debug|x64.ActiveCfg = Release|x64
		{FDF7DEEE-1527-421E-B65D-949C91404972}.Debug|x64.Build.0 = Release|x64
		{FDF7DEEE-1527-421E-B65D-949C91404972}.Debug|x86.ActiveCfg = Debug|Win32
		{FDF7DEEE-1527-421E-B65D-949C91404972}.Debug|x86.Build.0 = Debug|Win32
		{FDF7DEEE-1527-421E-B65D-949C91404972}.Release|x64.ActiveCfg = Release|x64
		{FDF7DEEE-1527-421E-B65D-949C91404972}.Release|x64.Build.0 = Release|x64
		{FDF7DEEE-1527-421E-B65D-949C91404972}.Release|x86.ActiveCfg = Release|Win32
		{FDF7DEEE-1527-421E-B65D-949C91404972}.Release|x86.Build.0 = Release|Win32
	EndGlobalSection
	GlobalSection(SolutionProperties) = preSolution
		HideSolutionNode = FALSE
	EndGlobalSection
	GlobalSection(ExtensibilityGlobals) = postSolution
		SolutionGuid = {2CE2B943-8EEB-48BF-8CB3-083852F95D79}
	EndGlobalSection
EndGlobal
